// !$*UTF8*$!
{
	archiveVersion = 1;
	classes = {
	};
	objectVersion = 46;
	objects = {

/* Begin PBXBuildFile section */
		480FF78F1A5B2EE60092C74A /* AppDelegate.swift in Sources */ = {isa = PBXBuildFile; fileRef = 480FF78E1A5B2EE60092C74A /* AppDelegate.swift */; };
		480FF7911A5B2EE60092C74A /* ViewController.swift in Sources */ = {isa = PBXBuildFile; fileRef = 480FF7901A5B2EE60092C74A /* ViewController.swift */; };
		480FF7941A5B2EE60092C74A /* Main.storyboard in Resources */ = {isa = PBXBuildFile; fileRef = 480FF7921A5B2EE60092C74A /* Main.storyboard */; };
		480FF7961A5B2EE60092C74A /* Images.xcassets in Resources */ = {isa = PBXBuildFile; fileRef = 480FF7951A5B2EE60092C74A /* Images.xcassets */; };
		480FF7991A5B2EE60092C74A /* LaunchScreen.xib in Resources */ = {isa = PBXBuildFile; fileRef = 480FF7971A5B2EE60092C74A /* LaunchScreen.xib */; };
		480FF7A51A5B2EE60092C74A /* Twiter_CloneTests.swift in Sources */ = {isa = PBXBuildFile; fileRef = 480FF7A41A5B2EE60092C74A /* Twiter_CloneTests.swift */; };
		480FF7B21A5B347E0092C74A /* Tweet.swift in Sources */ = {isa = PBXBuildFile; fileRef = 480FF7B11A5B347E0092C74A /* Tweet.swift */; };
		480FF7B41A5B34CC0092C74A /* tweet.json in Resources */ = {isa = PBXBuildFile; fileRef = 480FF7B31A5B34CC0092C74A /* tweet.json */; };
		480FF7B61A5B521D0092C74A /* CustomTableViewCell.swift in Sources */ = {isa = PBXBuildFile; fileRef = 480FF7B51A5B521D0092C74A /* CustomTableViewCell.swift */; };
/* End PBXBuildFile section */

/* Begin PBXContainerItemProxy section */
		480FF79F1A5B2EE60092C74A /* PBXContainerItemProxy */ = {
			isa = PBXContainerItemProxy;
			containerPortal = 480FF7811A5B2EE60092C74A /* Project object */;
			proxyType = 1;
			remoteGlobalIDString = 480FF7881A5B2EE60092C74A;
			remoteInfo = "Twiter Clone";
		};
/* End PBXContainerItemProxy section */

/* Begin PBXFileReference section */
		480FF7891A5B2EE60092C74A /* Twiter Clone.app */ = {isa = PBXFileReference; explicitFileType = wrapper.application; includeInIndex = 0; path = "Twiter Clone.app"; sourceTree = BUILT_PRODUCTS_DIR; };
		480FF78D1A5B2EE60092C74A /* Info.plist */ = {isa = PBXFileReference; lastKnownFileType = text.plist.xml; path = Info.plist; sourceTree = "<group>"; };
		480FF78E1A5B2EE60092C74A /* AppDelegate.swift */ = {isa = PBXFileReference; lastKnownFileType = sourcecode.swift; path = AppDelegate.swift; sourceTree = "<group>"; };
		480FF7901A5B2EE60092C74A /* ViewController.swift */ = {isa = PBXFileReference; lastKnownFileType = sourcecode.swift; path = ViewController.swift; sourceTree = "<group>"; };
		480FF7931A5B2EE60092C74A /* Base */ = {isa = PBXFileReference; lastKnownFileType = file.storyboard; name = Base; path = Base.lproj/Main.storyboard; sourceTree = "<group>"; };
		480FF7951A5B2EE60092C74A /* Images.xcassets */ = {isa = PBXFileReference; lastKnownFileType = folder.assetcatalog; path = Images.xcassets; sourceTree = "<group>"; };
		480FF7981A5B2EE60092C74A /* Base */ = {isa = PBXFileReference; lastKnownFileType = file.xib; name = Base; path = Base.lproj/LaunchScreen.xib; sourceTree = "<group>"; };
		480FF79E1A5B2EE60092C74A /* Twiter CloneTests.xctest */ = {isa = PBXFileReference; explicitFileType = wrapper.cfbundle; includeInIndex = 0; path = "Twiter CloneTests.xctest"; sourceTree = BUILT_PRODUCTS_DIR; };
		480FF7A31A5B2EE60092C74A /* Info.plist */ = {isa = PBXFileReference; lastKnownFileType = text.plist.xml; path = Info.plist; sourceTree = "<group>"; };
		480FF7A41A5B2EE60092C74A /* Twiter_CloneTests.swift */ = {isa = PBXFileReference; lastKnownFileType = sourcecode.swift; path = Twiter_CloneTests.swift; sourceTree = "<group>"; };
		480FF7B11A5B347E0092C74A /* Tweet.swift */ = {isa = PBXFileReference; fileEncoding = 4; lastKnownFileType = sourcecode.swift; path = Tweet.swift; sourceTree = "<group>"; };
		480FF7B31A5B34CC0092C74A /* tweet.json */ = {isa = PBXFileReference; fileEncoding = 4; lastKnownFileType = text.json; path = tweet.json; sourceTree = "<group>"; };
		480FF7B51A5B521D0092C74A /* CustomTableViewCell.swift */ = {isa = PBXFileReference; fileEncoding = 4; lastKnownFileType = sourcecode.swift; path = CustomTableViewCell.swift; sourceTree = "<group>"; };
/* End PBXFileReference section */

/* Begin PBXFrameworksBuildPhase section */
		480FF7861A5B2EE60092C74A /* Frameworks */ = {
			isa = PBXFrameworksBuildPhase;
			buildActionMask = 2147483647;
			files = (
			);
			runOnlyForDeploymentPostprocessing = 0;
		};
		480FF79B1A5B2EE60092C74A /* Frameworks */ = {
			isa = PBXFrameworksBuildPhase;
			buildActionMask = 2147483647;
			files = (
			);
			runOnlyForDeploymentPostprocessing = 0;
		};
/* End PBXFrameworksBuildPhase section */

/* Begin PBXGroup section */
		480FF7801A5B2EE60092C74A = {
			isa = PBXGroup;
			children = (
				480FF78B1A5B2EE60092C74A /* Twiter Clone */,
				480FF7A11A5B2EE60092C74A /* Twiter CloneTests */,
				480FF78A1A5B2EE60092C74A /* Products */,
			);
			sourceTree = "<group>";
		};
		480FF78A1A5B2EE60092C74A /* Products */ = {
			isa = PBXGroup;
			children = (
				480FF7891A5B2EE60092C74A /* Twiter Clone.app */,
				480FF79E1A5B2EE60092C74A /* Twiter CloneTests.xctest */,
			);
			name = Products;
			sourceTree = "<group>";
		};
		480FF78B1A5B2EE60092C74A /* Twiter Clone */ = {
			isa = PBXGroup;
			children = (
				480FF7B01A5B2F790092C74A /* Controllers */,
				480FF7AF1A5B2F5C0092C74A /* Views */,
				480FF7AE1A5B2F450092C74A /* Models */,
				480FF7951A5B2EE60092C74A /* Images.xcassets */,
				480FF78C1A5B2EE60092C74A /* Supporting Files */,
			);
			path = "Twiter Clone";
			sourceTree = "<group>";
		};
		480FF78C1A5B2EE60092C74A /* Supporting Files */ = {
			isa = PBXGroup;
			children = (
				480FF78D1A5B2EE60092C74A /* Info.plist */,
			);
			name = "Supporting Files";
			sourceTree = "<group>";
		};
		480FF7A11A5B2EE60092C74A /* Twiter CloneTests */ = {
			isa = PBXGroup;
			children = (
				480FF7A41A5B2EE60092C74A /* Twiter_CloneTests.swift */,
				480FF7A21A5B2EE60092C74A /* Supporting Files */,
			);
			path = "Twiter CloneTests";
			sourceTree = "<group>";
		};
		480FF7A21A5B2EE60092C74A /* Supporting Files */ = {
			isa = PBXGroup;
			children = (
				480FF7A31A5B2EE60092C74A /* Info.plist */,
			);
			name = "Supporting Files";
			sourceTree = "<group>";
		};
		480FF7AE1A5B2F450092C74A /* Models */ = {
			isa = PBXGroup;
			children = (
				480FF7B11A5B347E0092C74A /* Tweet.swift */,
				480FF7B31A5B34CC0092C74A /* tweet.json */,
			);
			name = Models;
			sourceTree = "<group>";
		};
		480FF7AF1A5B2F5C0092C74A /* Views */ = {
			isa = PBXGroup;
			children = (
				480FF7921A5B2EE60092C74A /* Main.storyboard */,
				480FF7971A5B2EE60092C74A /* LaunchScreen.xib */,
			);
			name = Views;
			sourceTree = "<group>";
		};
		480FF7B01A5B2F790092C74A /* Controllers */ = {
			isa = PBXGroup;
			children = (
				480FF78E1A5B2EE60092C74A /* AppDelegate.swift */,
				480FF7901A5B2EE60092C74A /* ViewController.swift */,
				480FF7B51A5B521D0092C74A /* CustomTableViewCell.swift */,
			);
			name = Controllers;
			sourceTree = "<group>";
		};
/* End PBXGroup section */

/* Begin PBXNativeTarget section */
		480FF7881A5B2EE60092C74A /* Twiter Clone */ = {
			isa = PBXNativeTarget;
			buildConfigurationList = 480FF7A81A5B2EE60092C74A /* Build configuration list for PBXNativeTarget "Twiter Clone" */;
			buildPhases = (
				480FF7851A5B2EE60092C74A /* Sources */,
				480FF7861A5B2EE60092C74A /* Frameworks */,
				480FF7871A5B2EE60092C74A /* Resources */,
			);
			buildRules = (
			);
			dependencies = (
			);
			name = "Twiter Clone";
			productName = "Twiter Clone";
			productReference = 480FF7891A5B2EE60092C74A /* Twiter Clone.app */;
			productType = "com.apple.product-type.application";
		};
		480FF79D1A5B2EE60092C74A /* Twiter CloneTests */ = {
			isa = PBXNativeTarget;
			buildConfigurationList = 480FF7AB1A5B2EE60092C74A /* Build configuration list for PBXNativeTarget "Twiter CloneTests" */;
			buildPhases = (
				480FF79A1A5B2EE60092C74A /* Sources */,
				480FF79B1A5B2EE60092C74A /* Frameworks */,
				480FF79C1A5B2EE60092C74A /* Resources */,
			);
			buildRules = (
			);
			dependencies = (
				480FF7A01A5B2EE60092C74A /* PBXTargetDependency */,
			);
			name = "Twiter CloneTests";
			productName = "Twiter CloneTests";
			productReference = 480FF79E1A5B2EE60092C74A /* Twiter CloneTests.xctest */;
			productType = "com.apple.product-type.bundle.unit-test";
		};
/* End PBXNativeTarget section */

/* Begin PBXProject section */
		480FF7811A5B2EE60092C74A /* Project object */ = {
			isa = PBXProject;
			attributes = {
				LastUpgradeCheck = 0610;
				ORGANIZATIONNAME = "Rodrigo Carballo";
				TargetAttributes = {
					480FF7881A5B2EE60092C74A = {
						CreatedOnToolsVersion = 6.1.1;
					};
					480FF79D1A5B2EE60092C74A = {
						CreatedOnToolsVersion = 6.1.1;
						TestTargetID = 480FF7881A5B2EE60092C74A;
					};
				};
			};
			buildConfigurationList = 480FF7841A5B2EE60092C74A /* Build configuration list for PBXProject "Twiter Clone" */;
			compatibilityVersion = "Xcode 3.2";
			developmentRegion = English;
			hasScannedForEncodings = 0;
			knownRegions = (
				en,
				Base,
			);
			mainGroup = 480FF7801A5B2EE60092C74A;
			productRefGroup = 480FF78A1A5B2EE60092C74A /* Products */;
			projectDirPath = "";
			projectRoot = "";
			targets = (
				480FF7881A5B2EE60092C74A /* Twiter Clone */,
				480FF79D1A5B2EE60092C74A /* Twiter CloneTests */,
			);
		};
/* End PBXProject section */

/* Begin PBXResourcesBuildPhase section */
		480FF7871A5B2EE60092C74A /* Resources */ = {
			isa = PBXResourcesBuildPhase;
			buildActionMask = 2147483647;
			files = (
				480FF7941A5B2EE60092C74A /* Main.storyboard in Resources */,
				480FF7991A5B2EE60092C74A /* LaunchScreen.xib in Resources */,
				480FF7961A5B2EE60092C74A /* Images.xcassets in Resources */,
				480FF7B41A5B34CC0092C74A /* tweet.json in Resources */,
			);
			runOnlyForDeploymentPostprocessing = 0;
		};
		480FF79C1A5B2EE60092C74A /* Resources */ = {
			isa = PBXResourcesBuildPhase;
			buildActionMask = 2147483647;
			files = (
			);
			runOnlyForDeploymentPostprocessing = 0;
		};
/* End PBXResourcesBuildPhase section */

/* Begin PBXSourcesBuildPhase section */
		480FF7851A5B2EE60092C74A /* Sources */ = {
			isa = PBXSourcesBuildPhase;
			buildActionMask = 2147483647;
			files = (
				480FF7B21A5B347E0092C74A /* Tweet.swift in Sources */,
				480FF7911A5B2EE60092C74A /* ViewController.swift in Sources */,
				480FF7B61A5B521D0092C74A /* CustomTableViewCell.swift in Sources */,
				480FF78F1A5B2EE60092C74A /* AppDelegate.swift in Sources */,
			);
			runOnlyForDeploymentPostprocessing = 0;
		};
		480FF79A1A5B2EE60092C74A /* Sources */ = {
			isa = PBXSourcesBuildPhase;
			buildActionMask = 2147483647;
			files = (
				480FF7A51A5B2EE60092C74A /* Twiter_CloneTests.swift in Sources */,
			);
			runOnlyForDeploymentPostprocessing = 0;
		};
/* End PBXSourcesBuildPhase section */

/* Begin PBXTargetDependency section */
		480FF7A01A5B2EE60092C74A /* PBXTargetDependency */ = {
			isa = PBXTargetDependency;
			target = 480FF7881A5B2EE60092C74A /* Twiter Clone */;
			targetProxy = 480FF79F1A5B2EE60092C74A /* PBXContainerItemProxy */;
		};
/* End PBXTargetDependency section */

/* Begin PBXVariantGroup section */
		480FF7921A5B2EE60092C74A /* Main.storyboard */ = {
			isa = PBXVariantGroup;
			children = (
				480FF7931A5B2EE60092C74A /* Base */,
			);
			name = Main.storyboard;
			sourceTree = "<group>";
		};
		480FF7971A5B2EE60092C74A /* LaunchScreen.xib */ = {
			isa = PBXVariantGroup;
			children = (
				480FF7981A5B2EE60092C74A /* Base */,
			);
			name = LaunchScreen.xib;
			sourceTree = "<group>";
		};
/* End PBXVariantGroup section */

/* Begin XCBuildConfiguration section */
		480FF7A61A5B2EE60092C74A /* Debug */ = {
			isa = XCBuildConfiguration;
			buildSettings = {
				ALWAYS_SEARCH_USER_PATHS = NO;
				CLANG_CXX_LANGUAGE_STANDARD = "gnu++0x";
				CLANG_CXX_LIBRARY = "libc++";
				CLANG_ENABLE_MODULES = YES;
				CLANG_ENABLE_OBJC_ARC = YES;
				CLANG_WARN_BOOL_CONVERSION = YES;
				CLANG_WARN_CONSTANT_CONVERSION = YES;
				CLANG_WARN_DIRECT_OBJC_ISA_USAGE = YES_ERROR;
				CLANG_WARN_EMPTY_BODY = YES;
				CLANG_WARN_ENUM_CONVERSION = YES;
				CLANG_WARN_INT_CONVERSION = YES;
				CLANG_WARN_OBJC_ROOT_CLASS = YES_ERROR;
				CLANG_WARN_UNREACHABLE_CODE = YES;
				CLANG_WARN__DUPLICATE_METHOD_MATCH = YES;
				"CODE_SIGN_IDENTITY[sdk=iphoneos*]" = "iPhone Developer";
				COPY_PHASE_STRIP = NO;
				ENABLE_STRICT_OBJC_MSGSEND = YES;
				GCC_C_LANGUAGE_STANDARD = gnu99;
				GCC_DYNAMIC_NO_PIC = NO;
				GCC_OPTIMIZATION_LEVEL = 0;
				GCC_PREPROCESSOR_DEFINITIONS = (
					"DEBUG=1",
					"$(inherited)",
				);
				GCC_SYMBOLS_PRIVATE_EXTERN = NO;
				GCC_WARN_64_TO_32_BIT_CONVERSION = YES;
				GCC_WARN_ABOUT_RETURN_TYPE = YES_ERROR;
				GCC_WARN_UNDECLARED_SELECTOR = YES;
				GCC_WARN_UNINITIALIZED_AUTOS = YES_AGGRESSIVE;
				GCC_WARN_UNUSED_FUNCTION = YES;
				GCC_WARN_UNUSED_VARIABLE = YES;
				IPHONEOS_DEPLOYMENT_TARGET = 8.1;
				MTL_ENABLE_DEBUG_INFO = YES;
				ONLY_ACTIVE_ARCH = YES;
				SDKROOT = iphoneos;
				SWIFT_OPTIMIZATION_LEVEL = "-Onone";
			};
			name = Debug;
		};
		480FF7A71A5B2EE60092C74A /* Release */ = {
			isa = XCBuildConfiguration;
			buildSettings = {
				ALWAYS_SEARCH_USER_PATHS = NO;
				CLANG_CXX_LANGUAGE_STANDARD = "gnu++0x";
				CLANG_CXX_LIBRARY = "libc++";
				CLANG_ENABLE_MODULES = YES;
				CLANG_ENABLE_OBJC_ARC = YES;
				CLANG_WARN_BOOL_CONVERSION = YES;
				CLANG_WARN_CONSTANT_CONVERSION = YES;
				CLANG_WARN_DIRECT_OBJC_ISA_USAGE = YES_ERROR;
				CLANG_WARN_EMPTY_BODY = YES;
				CLANG_WARN_ENUM_CONVERSION = YES;
				CLANG_WARN_INT_CONVERSION = YES;
				CLANG_WARN_OBJC_ROOT_CLASS = YES_ERROR;
				CLANG_WARN_UNREACHABLE_CODE = YES;
				CLANG_WARN__DUPLICATE_METHOD_MATCH = YES;
				"CODE_SIGN_IDENTITY[sdk=iphoneos*]" = "iPhone Developer";
				COPY_PHASE_STRIP = YES;
				ENABLE_NS_ASSERTIONS = NO;
				ENABLE_STRICT_OBJC_MSGSEND = YES;
				GCC_C_LANGUAGE_STANDARD = gnu99;
				GCC_WARN_64_TO_32_BIT_CONVERSION = YES;
				GCC_WARN_ABOUT_RETURN_TYPE = YES_ERROR;
				GCC_WARN_UNDECLARED_SELECTOR = YES;
				GCC_WARN_UNINITIALIZED_AUTOS = YES_AGGRESSIVE;
				GCC_WARN_UNUSED_FUNCTION = YES;
				GCC_WARN_UNUSED_VARIABLE = YES;
				IPHONEOS_DEPLOYMENT_TARGET = 8.1;
				MTL_ENABLE_DEBUG_INFO = NO;
				SDKROOT = iphoneos;
				VALIDATE_PRODUCT = YES;
			};
			name = Release;
		};
		480FF7A91A5B2EE60092C74A /* Debug */ = {
			isa = XCBuildConfiguration;
			buildSettings = {
				ASSETCATALOG_COMPILER_APPICON_NAME = AppIcon;
				INFOPLIST_FILE = "Twiter Clone/Info.plist";
				LD_RUNPATH_SEARCH_PATHS = "$(inherited) @executable_path/Frameworks";
				PRODUCT_NAME = "$(TARGET_NAME)";
			};
			name = Debug;
		};
		480FF7AA1A5B2EE60092C74A /* Release */ = {
			isa = XCBuildConfiguration;
			buildSettings = {
				ASSETCATALOG_COMPILER_APPICON_NAME = AppIcon;
				INFOPLIST_FILE = "Twiter Clone/Info.plist";
				LD_RUNPATH_SEARCH_PATHS = "$(inherited) @executable_path/Frameworks";
				PRODUCT_NAME = "$(TARGET_NAME)";
			};
			name = Release;
		};
		480FF7AC1A5B2EE60092C74A /* Debug */ = {
			isa = XCBuildConfiguration;
			buildSettings = {
				BUNDLE_LOADER = "$(TEST_HOST)";
				FRAMEWORK_SEARCH_PATHS = (
					"$(SDKROOT)/Developer/Library/Frameworks",
					"$(inherited)",
				);
				GCC_PREPROCESSOR_DEFINITIONS = (
					"DEBUG=1",
					"$(inherited)",
				);
				INFOPLIST_FILE = "Twiter CloneTests/Info.plist";
				LD_RUNPATH_SEARCH_PATHS = "$(inherited) @executable_path/Frameworks @loader_path/Frameworks";
				PRODUCT_NAME = "$(TARGET_NAME)";
				TEST_HOST = "$(BUILT_PRODUCTS_DIR)/Twiter Clone.app/Twiter Clone";
			};
			name = Debug;
		};
		480FF7AD1A5B2EE60092C74A /* Release */ = {
			isa = XCBuildConfiguration;
			buildSettings = {
				BUNDLE_LOADER = "$(TEST_HOST)";
				FRAMEWORK_SEARCH_PATHS = (
					"$(SDKROOT)/Developer/Library/Frameworks",
					"$(inherited)",
				);
				INFOPLIST_FILE = "Twiter CloneTests/Info.plist";
				LD_RUNPATH_SEARCH_PATHS = "$(inherited) @executable_path/Frameworks @loader_path/Frameworks";
				PRODUCT_NAME = "$(TARGET_NAME)";
				TEST_HOST = "$(BUILT_PRODUCTS_DIR)/Twiter Clone.app/Twiter Clone";
			};
			name = Release;
		};
/* End XCBuildConfiguration section */

/* Begin XCConfigurationList section */
		480FF7841A5B2EE60092C74A /* Build configuration list for PBXProject "Twiter Clone" */ = {
			isa = XCConfigurationList;
			buildConfigurations = (
				480FF7A61A5B2EE60092C74A /* Debug */,
				480FF7A71A5B2EE60092C74A /* Release */,
			);
			defaultConfigurationIsVisible = 0;
			defaultConfigurationName = Release;
		};
		480FF7A81A5B2EE60092C74A /* Build configuration list for PBXNativeTarget "Twiter Clone" */ = {
			isa = XCConfigurationList;
			buildConfigurations = (
				480FF7A91A5B2EE60092C74A /* Debug */,
				480FF7AA1A5B2EE60092C74A /* Release */,
			);
			defaultConfigurationIsVisible = 0;
		};
		480FF7AB1A5B2EE60092C74A /* Build configuration list for PBXNativeTarget "Twiter CloneTests" */ = {
			isa = XCConfigurationList;
			buildConfigurations = (
				480FF7AC1A5B2EE60092C74A /* Debug */,
				480FF7AD1A5B2EE60092C74A /* Release */,
			);
			defaultConfigurationIsVisible = 0;
		};
/* End XCConfigurationList section */
	};
	rootObject = 480FF7811A5B2EE60092C74A /* Project object */;
}
